
Microsoft Visual Studio Solution File, Format Version 12.00
# Visual Studio Version 17
VisualStudioVersion = 17.10.35027.167
MinimumVisualStudioVersion = 10.0.40219.1
Project("{FAE04EC0-301F-11D3-BF4B-00C04F79EFBC}") = "WebApi", "WebApi\WebApi.csproj", "{5B5E33ED-10D6-41F0-A2BB-06F013483494}"
EndProject
Project("{FAE04EC0-301F-11D3-BF4B-00C04F79EFBC}") = "Persistence", "Persistence\Persistence.csproj", "{98BE261E-3897-432F-B6A8-F78FDE1AED64}"
EndProject
Project("{FAE04EC0-301F-11D3-BF4B-00C04F79EFBC}") = "Domain", "Domain\Domain.csproj", "{D7929755-4BAF-4D38-BB2A-DB56CE2F5530}"
EndProject
Project("{FAE04EC0-301F-11D3-BF4B-00C04F79EFBC}") = "Application", "Application\Application.csproj", "{6DA3DD22-C016-4531-8615-92375A4ADB93}"
EndProject
Project("{FAE04EC0-301F-11D3-BF4B-00C04F79EFBC}") = "Infrastructure", "Infrastructure\Infrastructure.csproj", "{FBCCCA2B-D371-496B-845F-48C1AD08D26B}"
EndProject
Global
	GlobalSection(SolutionConfigurationPlatforms) = preSolution
		Debug|Any CPU = Debug|Any CPU
		Release|Any CPU = Release|Any CPU
	EndGlobalSection
	GlobalSection(ProjectConfigurationPlatforms) = postSolution
		{5B5E33ED-10D6-41F0-A2BB-06F013483494}.Debug|Any CPU.ActiveCfg = Debug|Any CPU
		{5B5E33ED-10D6-41F0-A2BB-06F013483494}.Debug|Any CPU.Build.0 = Debug|Any CPU
		{5B5E33ED-10D6-41F0-A2BB-06F013483494}.Release|Any CPU.ActiveCfg = Release|Any CPU
		{5B5E33ED-10D6-41F0-A2BB-06F013483494}.Release|Any CPU.Build.0 = Release|Any CPU
		{98BE261E-3897-432F-B6A8-F78FDE1AED64}.Debug|Any CPU.ActiveCfg = Debug|Any CPU
		{98BE261E-3897-432F-B6A8-F78FDE1AED64}.Debug|Any CPU.Build.0 = Debug|Any CPU
		{98BE261E-3897-432F-B6A8-F78FDE1AED64}.Release|Any CPU.ActiveCfg = Release|Any CPU
		{98BE261E-3897-432F-B6A8-F78FDE1AED64}.Release|Any CPU.Build.0 = Release|Any CPU
		{D7929755-4BAF-4D38-BB2A-DB56CE2F5530}.Debug|Any CPU.ActiveCfg = Debug|Any CPU
		{D7929755-4BAF-4D38-BB2A-DB56CE2F5530}.Debug|Any CPU.Build.0 = Debug|Any CPU
		{D7929755-4BAF-4D38-BB2A-DB56CE2F5530}.Release|Any CPU.ActiveCfg = Release|Any CPU
		{D7929755-4BAF-4D38-BB2A-DB56CE2F5530}.Release|Any CPU.Build.0 = Release|Any CPU
		{6DA3DD22-C016-4531-8615-92375A4ADB93}.Debug|Any CPU.ActiveCfg = Debug|Any CPU
		{6DA3DD22-C016-4531-8615-92375A4ADB93}.Debug|Any CPU.Build.0 = Debug|Any CPU
		{6DA3DD22-C016-4531-8615-92375A4ADB93}.Release|Any CPU.ActiveCfg = Release|Any CPU
		{6DA3DD22-C016-4531-8615-92375A4ADB93}.Release|Any CPU.Build.0 = Release|Any CPU
		{FBCCCA2B-D371-496B-845F-48C1AD08D26B}.Debug|Any CPU.ActiveCfg = Debug|Any CPU
		{FBCCCA2B-D371-496B-845F-48C1AD08D26B}.Debug|Any CPU.Build.0 = Debug|Any CPU
		{FBCCCA2B-D371-496B-845F-48C1AD08D26B}.Release|Any CPU.ActiveCfg = Release|Any CPU
		{FBCCCA2B-D371-496B-845F-48C1AD08D26B}.Release|Any CPU.Build.0 = Release|Any CPU
	EndGlobalSection
	GlobalSection(SolutionProperties) = preSolution
		HideSolutionNode = FALSE
	EndGlobalSection
	GlobalSection(ExtensibilityGlobals) = postSolution
		SolutionGuid = {59C579E0-C90D-4555-8164-3809550474D9}
	EndGlobalSection
EndGlobal
